
Microsoft Visual Studio Solution File, Format Version 12.00
# Visual Studio Version 16
VisualStudioVersion = 16.0.31624.102
MinimumVisualStudioVersion = 10.0.40219.1
Project("{FAE04EC0-301F-11D3-BF4B-00C04F79EFBC}") = "Users_App_DZ", "Users_App_DZ\Users_App_DZ.csproj", "{9BDB1F9C-810C-449D-840C-B485292D9CF6}"
EndProject
Global
	GlobalSection(SolutionConfigurationPlatforms) = preSolution
		Debug|Any CPU = Debug|Any CPU
		Release|Any CPU = Release|Any CPU
	EndGlobalSection
	GlobalSection(ProjectConfigurationPlatforms) = postSolution
		{9BDB1F9C-810C-449D-840C-B485292D9CF6}.Debug|Any CPU.ActiveCfg = Debug|Any CPU
		{9BDB1F9C-810C-449D-840C-B485292D9CF6}.Debug|Any CPU.Build.0 = Debug|Any CPU
		{9BDB1F9C-810C-449D-840C-B485292D9CF6}.Release|Any CPU.ActiveCfg = Release|Any CPU
		{9BDB1F9C-810C-449D-840C-B485292D9CF6}.Release|Any CPU.Build.0 = Release|Any CPU
	EndGlobalSection
	GlobalSection(SolutionProperties) = preSolution
		HideSolutionNode = FALSE
	EndGlobalSection
	GlobalSection(ExtensibilityGlobals) = postSolution
		SolutionGuid = {B572B514-679A-47C9-981D-B7136FB1528A}
	EndGlobalSection
EndGlobal
